{
  "name": "@oblivion/container",
  "version": "0.0.1",
  "lockfileVersion": 3,
  "requires": true,
  "packages": {
    "": {
      "name": "@oblivion/container",
      "version": "0.0.1",
      "dependencies": {
        "lodash": "^4.17.21"
      },
      "devDependencies": {
        "@types/lodash": "^4.17.13"
      },
      "peerDependencies": {
        "@angular/common": "^19.0.0",
        "@angular/core": "^19.0.0"
      }
    },
    "node_modules/@angular/common": {
      "version": "19.0.4",
      "resolved": "https://registry.npmjs.org/@angular/common/-/common-19.0.4.tgz",
      "integrity": "sha512-SBWraO5NVZa/QJPrVbk3IsUmZQDriYBvqYuZFJaI/UTbhcAedNRsLDbKHtOYrHHx6K1saPXSQCufWgFo30lEqw==",
      "peer": true,
      "dependencies": {
        "tslib": "^2.3.0"
      },
      "engines": {
        "node": "^18.19.1 || ^20.11.1 || >=22.0.0"
      },
      "peerDependencies": {
        "@angular/core": "19.0.4",
        "rxjs": "^6.5.3 || ^7.4.0"
      }
    },
    "node_modules/@angular/core": {
      "version": "19.0.4",
      "license": "MIT",
      "peer": true,
      "dependencies": {
        "tslib": "^2.3.0"
      },
      "engines": {
        "node": "^18.19.1 || ^20.11.1 || >=22.0.0"
      },
      "peerDependencies": {
        "rxjs": "^6.5.3 || ^7.4.0",
        "zone.js": "~0.15.0"
      }
    },
    "node_modules/@types/lodash": {
      "version": "4.17.13",
      "resolved": "https://registry.npmjs.org/@types/lodash/-/lodash-4.17.13.tgz",
      "integrity": "sha512-lfx+dftrEZcdBPczf9d0Qv0x+j/rfNCMuC6OcfXmO8gkfeNAY88PgKUbvG56whcN23gc27yenwF6oJZXGFpYxg==",
      "dev": true
    },
    "node_modules/lodash": {
      "version": "4.17.21",
      "resolved": "https://registry.npmjs.org/lodash/-/lodash-4.17.21.tgz",
      "integrity": "sha512-v2kDEe57lecTulaDIuNTPy3Ry4gLGJ6Z1O3vE1krgXZNrsQ+LFTGHVxVjcXPs17LhbZVGedAJv8XZ1tvj5FvSg=="
    },
    "node_modules/rxjs": {
      "version": "7.8.1",
      "resolved": "https://registry.npmjs.org/rxjs/-/rxjs-7.8.1.tgz",
      "integrity": "sha512-AA3TVj+0A2iuIoQkWEK/tqFjBq2j+6PO6Y0zJcvzLAFhEFIO3HL0vls9hWLncZbAAbK0mar7oZ4V079I/qPMxg==",
      "peer": true,
      "dependencies": {
        "tslib": "^2.1.0"
      }
    },
    "node_modules/tslib": {
      "version": "2.8.1",
      "license": "0BSD",
      "peer": true
    },
    "node_modules/zone.js": {
      "version": "0.15.0",
      "license": "MIT",
      "peer": true
    }
  }
}
